
Microsoft Visual Studio Solution File, Format Version 12.00
# Visual Studio Version 17
VisualStudioVersion = 17.10.35027.167
MinimumVisualStudioVersion = 10.0.40219.1
Project("{FAE04EC0-301F-11D3-BF4B-00C04F79EFBC}") = "MaimLandProject", "MaimLandProject.csproj", "{FBBE1D6C-9CCF-40E3-92D0-CC5D98F9C5D1}"
EndProject
Project("{FAE04EC0-301F-11D3-BF4B-00C04F79EFBC}") = "TestUnitaireProjet", "..\TestUnitaireProjet\TestUnitaireProjet.csproj", "{653DC62E-8F87-4014-8484-E4F8EE811AFC}"
EndProject
Global
	GlobalSection(SolutionConfigurationPlatforms) = preSolution
		Debug|Any CPU = Debug|Any CPU
		Release|Any CPU = Release|Any CPU
	EndGlobalSection
	GlobalSection(ProjectConfigurationPlatforms) = postSolution
		{FBBE1D6C-9CCF-40E3-92D0-CC5D98F9C5D1}.Debug|Any CPU.ActiveCfg = Debug|Any CPU
		{FBBE1D6C-9CCF-40E3-92D0-CC5D98F9C5D1}.Debug|Any CPU.Build.0 = Debug|Any CPU
		{FBBE1D6C-9CCF-40E3-92D0-CC5D98F9C5D1}.Release|Any CPU.ActiveCfg = Release|Any CPU
		{FBBE1D6C-9CCF-40E3-92D0-CC5D98F9C5D1}.Release|Any CPU.Build.0 = Release|Any CPU
		{653DC62E-8F87-4014-8484-E4F8EE811AFC}.Debug|Any CPU.ActiveCfg = Debug|Any CPU
		{653DC62E-8F87-4014-8484-E4F8EE811AFC}.Debug|Any CPU.Build.0 = Debug|Any CPU
		{653DC62E-8F87-4014-8484-E4F8EE811AFC}.Release|Any CPU.ActiveCfg = Release|Any CPU
		{653DC62E-8F87-4014-8484-E4F8EE811AFC}.Release|Any CPU.Build.0 = Release|Any CPU
	EndGlobalSection
	GlobalSection(SolutionProperties) = preSolution
		HideSolutionNode = FALSE
	EndGlobalSection
	GlobalSection(ExtensibilityGlobals) = postSolution
		SolutionGuid = {2CD02170-0B8E-4B93-8FF7-E55C0D2217D7}
	EndGlobalSection
EndGlobal
